
Microsoft Visual Studio Solution File, Format Version 12.00
# Visual Studio Version 16
VisualStudioVersion = 16.0.30503.244
MinimumVisualStudioVersion = 10.0.40219.1
Project("{9A19103F-16F7-4668-BE54-9A1E7A4F7556}") = "ClientOP", "MicroLoan\ClientOP.csproj", "{A1A7EFFF-06CA-43F0-82AE-3214BDF595E9}"
EndProject
Project("{2150E333-8FDC-42A3-9474-1A3956D46DE8}") = "Solution Items", "Solution Items", "{BE0EB1B4-CD3F-4DA0-AE0D-A281B71D5781}"
EndProject
Project("{FAE04EC0-301F-11D3-BF4B-00C04F79EFBC}") = "DataBase", "DataBase\DataBase.csproj", "{8648C3D6-CEBF-4C54-9441-FB6411A9CD91}"
EndProject
Project("{FAE04EC0-301F-11D3-BF4B-00C04F79EFBC}") = "UserClient", "UserClient\UserClient.csproj", "{47959EB4-F6EB-4BDF-8326-4140BB95B667}"
EndProject
Global
	GlobalSection(SolutionConfigurationPlatforms) = preSolution
		Debug|Any CPU = Debug|Any CPU
		Release|Any CPU = Release|Any CPU
	EndGlobalSection
	GlobalSection(ProjectConfigurationPlatforms) = postSolution
		{A1A7EFFF-06CA-43F0-82AE-3214BDF595E9}.Debug|Any CPU.ActiveCfg = Debug|Any CPU
		{A1A7EFFF-06CA-43F0-82AE-3214BDF595E9}.Debug|Any CPU.Build.0 = Debug|Any CPU
		{A1A7EFFF-06CA-43F0-82AE-3214BDF595E9}.Release|Any CPU.ActiveCfg = Release|Any CPU
		{A1A7EFFF-06CA-43F0-82AE-3214BDF595E9}.Release|Any CPU.Build.0 = Release|Any CPU
		{8648C3D6-CEBF-4C54-9441-FB6411A9CD91}.Debug|Any CPU.ActiveCfg = Debug|Any CPU
		{8648C3D6-CEBF-4C54-9441-FB6411A9CD91}.Debug|Any CPU.Build.0 = Debug|Any CPU
		{8648C3D6-CEBF-4C54-9441-FB6411A9CD91}.Release|Any CPU.ActiveCfg = Release|Any CPU
		{8648C3D6-CEBF-4C54-9441-FB6411A9CD91}.Release|Any CPU.Build.0 = Release|Any CPU
		{47959EB4-F6EB-4BDF-8326-4140BB95B667}.Debug|Any CPU.ActiveCfg = Debug|Any CPU
		{47959EB4-F6EB-4BDF-8326-4140BB95B667}.Debug|Any CPU.Build.0 = Debug|Any CPU
		{47959EB4-F6EB-4BDF-8326-4140BB95B667}.Release|Any CPU.ActiveCfg = Release|Any CPU
		{47959EB4-F6EB-4BDF-8326-4140BB95B667}.Release|Any CPU.Build.0 = Release|Any CPU
	EndGlobalSection
	GlobalSection(SolutionProperties) = preSolution
		HideSolutionNode = FALSE
	EndGlobalSection
	GlobalSection(ExtensibilityGlobals) = postSolution
		SolutionGuid = {929AA098-875B-45B7-828D-03721242BD52}
	EndGlobalSection
EndGlobal
